// !$*UTF8*$!
{
	archiveVersion = 1;
	classes = {
	};
	objectVersion = 55;
	objects = {

/* Begin PBXBuildFile section */
		D69D953B27E9D17E0008938A /* SliderApp.swift in Sources */ = {isa = PBXBuildFile; fileRef = D69D953A27E9D17E0008938A /* SliderApp.swift */; };
		D69D953D27E9D17E0008938A /* ContentView.swift in Sources */ = {isa = PBXBuildFile; fileRef = D69D953C27E9D17E0008938A /* ContentView.swift */; };
		D69D953F27E9D1820008938A /* Assets.xcassets in Resources */ = {isa = PBXBuildFile; fileRef = D69D953E27E9D1820008938A /* Assets.xcassets */; };
		D69D954227E9D1820008938A /* Preview Assets.xcassets in Resources */ = {isa = PBXBuildFile; fileRef = D69D954127E9D1820008938A /* Preview Assets.xcassets */; };
		D69D954C27E9D1820008938A /* SliderTests.swift in Sources */ = {isa = PBXBuildFile; fileRef = D69D954B27E9D1820008938A /* SliderTests.swift */; };
		D69D955627E9D1820008938A /* SliderUITests.swift in Sources */ = {isa = PBXBuildFile; fileRef = D69D955527E9D1820008938A /* SliderUITests.swift */; };
		D69D955827E9D1820008938A /* SliderUITestsLaunchTests.swift in Sources */ = {isa = PBXBuildFile; fileRef = D69D955727E9D1820008938A /* SliderUITestsLaunchTests.swift */; };
		D69D956527E9D1F50008938A /* SliderView.swift in Sources */ = {isa = PBXBuildFile; fileRef = D69D956427E9D1F50008938A /* SliderView.swift */; };
		D69D956727E9D2030008938A /* SliderViewState.swift in Sources */ = {isa = PBXBuildFile; fileRef = D69D956627E9D2030008938A /* SliderViewState.swift */; };
		D69D956927E9D2120008938A /* SliderViewPresenter.swift in Sources */ = {isa = PBXBuildFile; fileRef = D69D956827E9D2120008938A /* SliderViewPresenter.swift */; };
		D69D956B27E9D2220008938A /* SliderViewController.swift in Sources */ = {isa = PBXBuildFile; fileRef = D69D956A27E9D2220008938A /* SliderViewController.swift */; };
/* End PBXBuildFile section */

/* Begin PBXContainerItemProxy section */
		D69D954827E9D1820008938A /* PBXContainerItemProxy */ = {
			isa = PBXContainerItemProxy;
			containerPortal = D69D952F27E9D17E0008938A /* Project object */;
			proxyType = 1;
			remoteGlobalIDString = D69D953627E9D17E0008938A;
			remoteInfo = Slider;
		};
		D69D955227E9D1820008938A /* PBXContainerItemProxy */ = {
			isa = PBXContainerItemProxy;
			containerPortal = D69D952F27E9D17E0008938A /* Project object */;
			proxyType = 1;
			remoteGlobalIDString = D69D953627E9D17E0008938A;
			remoteInfo = Slider;
		};
/* End PBXContainerItemProxy section */

/* Begin PBXFileReference section */
		D69D953727E9D17E0008938A /* Slider.app */ = {isa = PBXFileReference; explicitFileType = wrapper.application; includeInIndex = 0; path = Slider.app; sourceTree = BUILT_PRODUCTS_DIR; };
		D69D953A27E9D17E0008938A /* SliderApp.swift */ = {isa = PBXFileReference; lastKnownFileType = sourcecode.swift; path = SliderApp.swift; sourceTree = "<group>"; };
		D69D953C27E9D17E0008938A /* ContentView.swift */ = {isa = PBXFileReference; lastKnownFileType = sourcecode.swift; path = ContentView.swift; sourceTree = "<group>"; };
		D69D953E27E9D1820008938A /* Assets.xcassets */ = {isa = PBXFileReference; lastKnownFileType = folder.assetcatalog; path = Assets.xcassets; sourceTree = "<group>"; };
		D69D954127E9D1820008938A /* Preview Assets.xcassets */ = {isa = PBXFileReference; lastKnownFileType = folder.assetcatalog; path = "Preview Assets.xcassets"; sourceTree = "<group>"; };
		D69D954727E9D1820008938A /* SliderTests.xctest */ = {isa = PBXFileReference; explicitFileType = wrapper.cfbundle; includeInIndex = 0; path = SliderTests.xctest; sourceTree = BUILT_PRODUCTS_DIR; };
		D69D954B27E9D1820008938A /* SliderTests.swift */ = {isa = PBXFileReference; lastKnownFileType = sourcecode.swift; path = SliderTests.swift; sourceTree = "<group>"; };
		D69D955127E9D1820008938A /* SliderUITests.xctest */ = {isa = PBXFileReference; explicitFileType = wrapper.cfbundle; includeInIndex = 0; path = SliderUITests.xctest; sourceTree = BUILT_PRODUCTS_DIR; };
		D69D955527E9D1820008938A /* SliderUITests.swift */ = {isa = PBXFileReference; lastKnownFileType = sourcecode.swift; path = SliderUITests.swift; sourceTree = "<group>"; };
		D69D955727E9D1820008938A /* SliderUITestsLaunchTests.swift */ = {isa = PBXFileReference; lastKnownFileType = sourcecode.swift; path = SliderUITestsLaunchTests.swift; sourceTree = "<group>"; };
		D69D956427E9D1F50008938A /* SliderView.swift */ = {isa = PBXFileReference; lastKnownFileType = sourcecode.swift; path = SliderView.swift; sourceTree = "<group>"; };
		D69D956627E9D2030008938A /* SliderViewState.swift */ = {isa = PBXFileReference; lastKnownFileType = sourcecode.swift; path = SliderViewState.swift; sourceTree = "<group>"; };
		D69D956827E9D2120008938A /* SliderViewPresenter.swift */ = {isa = PBXFileReference; lastKnownFileType = sourcecode.swift; path = SliderViewPresenter.swift; sourceTree = "<group>"; };
		D69D956A27E9D2220008938A /* SliderViewController.swift */ = {isa = PBXFileReference; lastKnownFileType = sourcecode.swift; path = SliderViewController.swift; sourceTree = "<group>"; };
		D69D956C27E9DD200008938A /* README.md */ = {isa = PBXFileReference; lastKnownFileType = net.daringfireball.markdown; path = README.md; sourceTree = "<group>"; };
/* End PBXFileReference section */

/* Begin PBXFrameworksBuildPhase section */
		D69D953427E9D17E0008938A /* Frameworks */ = {
			isa = PBXFrameworksBuildPhase;
			buildActionMask = 2147483647;
			files = (
			);
			runOnlyForDeploymentPostprocessing = 0;
		};
		D69D954427E9D1820008938A /* Frameworks */ = {
			isa = PBXFrameworksBuildPhase;
			buildActionMask = 2147483647;
			files = (
			);
			runOnlyForDeploymentPostprocessing = 0;
		};
		D69D954E27E9D1820008938A /* Frameworks */ = {
			isa = PBXFrameworksBuildPhase;
			buildActionMask = 2147483647;
			files = (
			);
			runOnlyForDeploymentPostprocessing = 0;
		};
/* End PBXFrameworksBuildPhase section */

/* Begin PBXGroup section */
		D69D952E27E9D17E0008938A = {
			isa = PBXGroup;
			children = (
				D69D956C27E9DD200008938A /* README.md */,
				D69D953927E9D17E0008938A /* Slider */,
				D69D954A27E9D1820008938A /* SliderTests */,
				D69D955427E9D1820008938A /* SliderUITests */,
				D69D953827E9D17E0008938A /* Products */,
			);
			sourceTree = "<group>";
		};
		D69D953827E9D17E0008938A /* Products */ = {
			isa = PBXGroup;
			children = (
				D69D953727E9D17E0008938A /* Slider.app */,
				D69D954727E9D1820008938A /* SliderTests.xctest */,
				D69D955127E9D1820008938A /* SliderUITests.xctest */,
			);
			name = Products;
			sourceTree = "<group>";
		};
		D69D953927E9D17E0008938A /* Slider */ = {
			isa = PBXGroup;
			children = (
				D69D953A27E9D17E0008938A /* SliderApp.swift */,
				D69D953C27E9D17E0008938A /* ContentView.swift */,
				D69D956427E9D1F50008938A /* SliderView.swift */,
				D69D956A27E9D2220008938A /* SliderViewController.swift */,
				D69D956627E9D2030008938A /* SliderViewState.swift */,
				D69D956827E9D2120008938A /* SliderViewPresenter.swift */,
				D69D953E27E9D1820008938A /* Assets.xcassets */,
				D69D954027E9D1820008938A /* Preview Content */,
			);
			path = Slider;
			sourceTree = "<group>";
		};
		D69D954027E9D1820008938A /* Preview Content */ = {
			isa = PBXGroup;
			children = (
				D69D954127E9D1820008938A /* Preview Assets.xcassets */,
			);
			path = "Preview Content";
			sourceTree = "<group>";
		};
		D69D954A27E9D1820008938A /* SliderTests */ = {
			isa = PBXGroup;
			children = (
				D69D954B27E9D1820008938A /* SliderTests.swift */,
			);
			path = SliderTests;
			sourceTree = "<group>";
		};
		D69D955427E9D1820008938A /* SliderUITests */ = {
			isa = PBXGroup;
			children = (
				D69D955527E9D1820008938A /* SliderUITests.swift */,
				D69D955727E9D1820008938A /* SliderUITestsLaunchTests.swift */,
			);
			path = SliderUITests;
			sourceTree = "<group>";
		};
/* End PBXGroup section */

/* Begin PBXNativeTarget section */
		D69D953627E9D17E0008938A /* Slider */ = {
			isa = PBXNativeTarget;
			buildConfigurationList = D69D955B27E9D1820008938A /* Build configuration list for PBXNativeTarget "Slider" */;
			buildPhases = (
				D69D953327E9D17E0008938A /* Sources */,
				D69D953427E9D17E0008938A /* Frameworks */,
				D69D953527E9D17E0008938A /* Resources */,
			);
			buildRules = (
			);
			dependencies = (
			);
			name = Slider;
			productName = Slider;
			productReference = D69D953727E9D17E0008938A /* Slider.app */;
			productType = "com.apple.product-type.application";
		};
		D69D954627E9D1820008938A /* SliderTests */ = {
			isa = PBXNativeTarget;
			buildConfigurationList = D69D955E27E9D1820008938A /* Build configuration list for PBXNativeTarget "SliderTests" */;
			buildPhases = (
				D69D954327E9D1820008938A /* Sources */,
				D69D954427E9D1820008938A /* Frameworks */,
				D69D954527E9D1820008938A /* Resources */,
			);
			buildRules = (
			);
			dependencies = (
				D69D954927E9D1820008938A /* PBXTargetDependency */,
			);
			name = SliderTests;
			productName = SliderTests;
			productReference = D69D954727E9D1820008938A /* SliderTests.xctest */;
			productType = "com.apple.product-type.bundle.unit-test";
		};
		D69D955027E9D1820008938A /* SliderUITests */ = {
			isa = PBXNativeTarget;
			buildConfigurationList = D69D956127E9D1820008938A /* Build configuration list for PBXNativeTarget "SliderUITests" */;
			buildPhases = (
				D69D954D27E9D1820008938A /* Sources */,
				D69D954E27E9D1820008938A /* Frameworks */,
				D69D954F27E9D1820008938A /* Resources */,
			);
			buildRules = (
			);
			dependencies = (
				D69D955327E9D1820008938A /* PBXTargetDependency */,
			);
			name = SliderUITests;
			productName = SliderUITests;
			productReference = D69D955127E9D1820008938A /* SliderUITests.xctest */;
			productType = "com.apple.product-type.bundle.ui-testing";
		};
/* End PBXNativeTarget section */

/* Begin PBXProject section */
		D69D952F27E9D17E0008938A /* Project object */ = {
			isa = PBXProject;
			attributes = {
				BuildIndependentTargetsInParallel = 1;
				LastSwiftUpdateCheck = 1320;
				LastUpgradeCheck = 1320;
				TargetAttributes = {
					D69D953627E9D17E0008938A = {
						CreatedOnToolsVersion = 13.2.1;
					};
					D69D954627E9D1820008938A = {
						CreatedOnToolsVersion = 13.2.1;
						TestTargetID = D69D953627E9D17E0008938A;
					};
					D69D955027E9D1820008938A = {
						CreatedOnToolsVersion = 13.2.1;
						TestTargetID = D69D953627E9D17E0008938A;
					};
				};
			};
			buildConfigurationList = D69D953227E9D17E0008938A /* Build configuration list for PBXProject "Slider" */;
			compatibilityVersion = "Xcode 13.0";
			developmentRegion = en;
			hasScannedForEncodings = 0;
			knownRegions = (
				en,
				Base,
			);
			mainGroup = D69D952E27E9D17E0008938A;
			productRefGroup = D69D953827E9D17E0008938A /* Products */;
			projectDirPath = "";
			projectRoot = "";
			targets = (
				D69D953627E9D17E0008938A /* Slider */,
				D69D954627E9D1820008938A /* SliderTests */,
				D69D955027E9D1820008938A /* SliderUITests */,
			);
		};
/* End PBXProject section */

/* Begin PBXResourcesBuildPhase section */
		D69D953527E9D17E0008938A /* Resources */ = {
			isa = PBXResourcesBuildPhase;
			buildActionMask = 2147483647;
			files = (
				D69D954227E9D1820008938A /* Preview Assets.xcassets in Resources */,
				D69D953F27E9D1820008938A /* Assets.xcassets in Resources */,
			);
			runOnlyForDeploymentPostprocessing = 0;
		};
		D69D954527E9D1820008938A /* Resources */ = {
			isa = PBXResourcesBuildPhase;
			buildActionMask = 2147483647;
			files = (
			);
			runOnlyForDeploymentPostprocessing = 0;
		};
		D69D954F27E9D1820008938A /* Resources */ = {
			isa = PBXResourcesBuildPhase;
			buildActionMask = 2147483647;
			files = (
			);
			runOnlyForDeploymentPostprocessing = 0;
		};
/* End PBXResourcesBuildPhase section */

/* Begin PBXSourcesBuildPhase section */
		D69D953327E9D17E0008938A /* Sources */ = {
			isa = PBXSourcesBuildPhase;
			buildActionMask = 2147483647;
			files = (
				D69D956927E9D2120008938A /* SliderViewPresenter.swift in Sources */,
				D69D956527E9D1F50008938A /* SliderView.swift in Sources */,
				D69D953D27E9D17E0008938A /* ContentView.swift in Sources */,
				D69D956B27E9D2220008938A /* SliderViewController.swift in Sources */,
				D69D953B27E9D17E0008938A /* SliderApp.swift in Sources */,
				D69D956727E9D2030008938A /* SliderViewState.swift in Sources */,
			);
			runOnlyForDeploymentPostprocessing = 0;
		};
		D69D954327E9D1820008938A /* Sources */ = {
			isa = PBXSourcesBuildPhase;
			buildActionMask = 2147483647;
			files = (
				D69D954C27E9D1820008938A /* SliderTests.swift in Sources */,
			);
			runOnlyForDeploymentPostprocessing = 0;
		};
		D69D954D27E9D1820008938A /* Sources */ = {
			isa = PBXSourcesBuildPhase;
			buildActionMask = 2147483647;
			files = (
				D69D955627E9D1820008938A /* SliderUITests.swift in Sources */,
				D69D955827E9D1820008938A /* SliderUITestsLaunchTests.swift in Sources */,
			);
			runOnlyForDeploymentPostprocessing = 0;
		};
/* End PBXSourcesBuildPhase section */

/* Begin PBXTargetDependency section */
		D69D954927E9D1820008938A /* PBXTargetDependency */ = {
			isa = PBXTargetDependency;
			target = D69D953627E9D17E0008938A /* Slider */;
			targetProxy = D69D954827E9D1820008938A /* PBXContainerItemProxy */;
		};
		D69D955327E9D1820008938A /* PBXTargetDependency */ = {
			isa = PBXTargetDependency;
			target = D69D953627E9D17E0008938A /* Slider */;
			targetProxy = D69D955227E9D1820008938A /* PBXContainerItemProxy */;
		};
/* End PBXTargetDependency section */

/* Begin XCBuildConfiguration section */
		D69D955927E9D1820008938A /* Debug */ = {
			isa = XCBuildConfiguration;
			buildSettings = {
				ALWAYS_SEARCH_USER_PATHS = NO;
				CLANG_ANALYZER_NONNULL = YES;
				CLANG_ANALYZER_NUMBER_OBJECT_CONVERSION = YES_AGGRESSIVE;
				CLANG_CXX_LANGUAGE_STANDARD = "gnu++17";
				CLANG_CXX_LIBRARY = "libc++";
				CLANG_ENABLE_MODULES = YES;
				CLANG_ENABLE_OBJC_ARC = YES;
				CLANG_ENABLE_OBJC_WEAK = YES;
				CLANG_WARN_BLOCK_CAPTURE_AUTORELEASING = YES;
				CLANG_WARN_BOOL_CONVERSION = YES;
				CLANG_WARN_COMMA = YES;
				CLANG_WARN_CONSTANT_CONVERSION = YES;
				CLANG_WARN_DEPRECATED_OBJC_IMPLEMENTATIONS = YES;
				CLANG_WARN_DIRECT_OBJC_ISA_USAGE = YES_ERROR;
				CLANG_WARN_DOCUMENTATION_COMMENTS = YES;
				CLANG_WARN_EMPTY_BODY = YES;
				CLANG_WARN_ENUM_CONVERSION = YES;
				CLANG_WARN_INFINITE_RECURSION = YES;
				CLANG_WARN_INT_CONVERSION = YES;
				CLANG_WARN_NON_LITERAL_NULL_CONVERSION = YES;
				CLANG_WARN_OBJC_IMPLICIT_RETAIN_SELF = YES;
				CLANG_WARN_OBJC_LITERAL_CONVERSION = YES;
				CLANG_WARN_OBJC_ROOT_CLASS = YES_ERROR;
				CLANG_WARN_QUOTED_INCLUDE_IN_FRAMEWORK_HEADER = YES;
				CLANG_WARN_RANGE_LOOP_ANALYSIS = YES;
				CLANG_WARN_STRICT_PROTOTYPES = YES;
				CLANG_WARN_SUSPICIOUS_MOVE = YES;
				CLANG_WARN_UNGUARDED_AVAILABILITY = YES_AGGRESSIVE;
				CLANG_WARN_UNREACHABLE_CODE = YES;
				CLANG_WARN__DUPLICATE_METHOD_MATCH = YES;
				COPY_PHASE_STRIP = NO;
				DEBUG_INFORMATION_FORMAT = dwarf;
				ENABLE_STRICT_OBJC_MSGSEND = YES;
				ENABLE_TESTABILITY = YES;
				GCC_C_LANGUAGE_STANDARD = gnu11;
				GCC_DYNAMIC_NO_PIC = NO;
				GCC_NO_COMMON_BLOCKS = YES;
				GCC_OPTIMIZATION_LEVEL = 0;
				GCC_PREPROCESSOR_DEFINITIONS = (
					"DEBUG=1",
					"$(inherited)",
				);
				GCC_WARN_64_TO_32_BIT_CONVERSION = YES;
				GCC_WARN_ABOUT_RETURN_TYPE = YES_ERROR;
				GCC_WARN_UNDECLARED_SELECTOR = YES;
				GCC_WARN_UNINITIALIZED_AUTOS = YES_AGGRESSIVE;
				GCC_WARN_UNUSED_FUNCTION = YES;
				GCC_WARN_UNUSED_VARIABLE = YES;
				IPHONEOS_DEPLOYMENT_TARGET = 15.2;
				MTL_ENABLE_DEBUG_INFO = INCLUDE_SOURCE;
				MTL_FAST_MATH = YES;
				ONLY_ACTIVE_ARCH = YES;
				SDKROOT = iphoneos;
				SWIFT_ACTIVE_COMPILATION_CONDITIONS = DEBUG;
				SWIFT_OPTIMIZATION_LEVEL = "-Onone";
			};
			name = Debug;
		};
		D69D955A27E9D1820008938A /* Release */ = {
			isa = XCBuildConfiguration;
			buildSettings = {
				ALWAYS_SEARCH_USER_PATHS = NO;
				CLANG_ANALYZER_NONNULL = YES;
				CLANG_ANALYZER_NUMBER_OBJECT_CONVERSION = YES_AGGRESSIVE;
				CLANG_CXX_LANGUAGE_STANDARD = "gnu++17";
				CLANG_CXX_LIBRARY = "libc++";
				CLANG_ENABLE_MODULES = YES;
				CLANG_ENABLE_OBJC_ARC = YES;
				CLANG_ENABLE_OBJC_WEAK = YES;
				CLANG_WARN_BLOCK_CAPTURE_AUTORELEASING = YES;
				CLANG_WARN_BOOL_CONVERSION = YES;
				CLANG_WARN_COMMA = YES;
				CLANG_WARN_CONSTANT_CONVERSION = YES;
				CLANG_WARN_DEPRECATED_OBJC_IMPLEMENTATIONS = YES;
				CLANG_WARN_DIRECT_OBJC_ISA_USAGE = YES_ERROR;
				CLANG_WARN_DOCUMENTATION_COMMENTS = YES;
				CLANG_WARN_EMPTY_BODY = YES;
				CLANG_WARN_ENUM_CONVERSION = YES;
				CLANG_WARN_INFINITE_RECURSION = YES;
				CLANG_WARN_INT_CONVERSION = YES;
				CLANG_WARN_NON_LITERAL_NULL_CONVERSION = YES;
				CLANG_WARN_OBJC_IMPLICIT_RETAIN_SELF = YES;
				CLANG_WARN_OBJC_LITERAL_CONVERSION = YES;
				CLANG_WARN_OBJC_ROOT_CLASS = YES_ERROR;
				CLANG_WARN_QUOTED_INCLUDE_IN_FRAMEWORK_HEADER = YES;
				CLANG_WARN_RANGE_LOOP_ANALYSIS = YES;
				CLANG_WARN_STRICT_PROTOTYPES = YES;
				CLANG_WARN_SUSPICIOUS_MOVE = YES;
				CLANG_WARN_UNGUARDED_AVAILABILITY = YES_AGGRESSIVE;
				CLANG_WARN_UNREACHABLE_CODE = YES;
				CLANG_WARN__DUPLICATE_METHOD_MATCH = YES;
				COPY_PHASE_STRIP = NO;
				DEBUG_INFORMATION_FORMAT = "dwarf-with-dsym";
				ENABLE_NS_ASSERTIONS = NO;
				ENABLE_STRICT_OBJC_MSGSEND = YES;
				GCC_C_LANGUAGE_STANDARD = gnu11;
				GCC_NO_COMMON_BLOCKS = YES;
				GCC_WARN_64_TO_32_BIT_CONVERSION = YES;
				GCC_WARN_ABOUT_RETURN_TYPE = YES_ERROR;
				GCC_WARN_UNDECLARED_SELECTOR = YES;
				GCC_WARN_UNINITIALIZED_AUTOS = YES_AGGRESSIVE;
				GCC_WARN_UNUSED_FUNCTION = YES;
				GCC_WARN_UNUSED_VARIABLE = YES;
				IPHONEOS_DEPLOYMENT_TARGET = 15.2;
				MTL_ENABLE_DEBUG_INFO = NO;
				MTL_FAST_MATH = YES;
				SDKROOT = iphoneos;
				SWIFT_COMPILATION_MODE = wholemodule;
				SWIFT_OPTIMIZATION_LEVEL = "-O";
				VALIDATE_PRODUCT = YES;
			};
			name = Release;
		};
		D69D955C27E9D1820008938A /* Debug */ = {
			isa = XCBuildConfiguration;
			buildSettings = {
				ASSETCATALOG_COMPILER_APPICON_NAME = AppIcon;
				ASSETCATALOG_COMPILER_GLOBAL_ACCENT_COLOR_NAME = AccentColor;
				CODE_SIGN_STYLE = Automatic;
				CURRENT_PROJECT_VERSION = 1;
				DEVELOPMENT_ASSET_PATHS = "\"Slider/Preview Content\"";
				DEVELOPMENT_TEAM = AQ3JC8F3HL;
				ENABLE_PREVIEWS = YES;
				GENERATE_INFOPLIST_FILE = YES;
				INFOPLIST_KEY_UIApplicationSceneManifest_Generation = YES;
				INFOPLIST_KEY_UIApplicationSupportsIndirectInputEvents = YES;
				INFOPLIST_KEY_UILaunchScreen_Generation = YES;
				INFOPLIST_KEY_UISupportedInterfaceOrientations_iPad = "UIInterfaceOrientationPortrait UIInterfaceOrientationPortraitUpsideDown UIInterfaceOrientationLandscapeLeft UIInterfaceOrientationLandscapeRight";
				INFOPLIST_KEY_UISupportedInterfaceOrientations_iPhone = "UIInterfaceOrientationPortrait UIInterfaceOrientationLandscapeLeft UIInterfaceOrientationLandscapeRight";
				LD_RUNPATH_SEARCH_PATHS = (
					"$(inherited)",
					"@executable_path/Frameworks",
				);
				MARKETING_VERSION = 1.0;
				PRODUCT_BUNDLE_IDENTIFIER = org.koherent.Slider;
				PRODUCT_NAME = "$(TARGET_NAME)";
				SWIFT_EMIT_LOC_STRINGS = YES;
				SWIFT_VERSION = 5.0;
				TARGETED_DEVICE_FAMILY = "1,2";
			};
			name = Debug;
		};
		D69D955D27E9D1820008938A /* Release */ = {
			isa = XCBuildConfiguration;
			buildSettings = {
				ASSETCATALOG_COMPILER_APPICON_NAME = AppIcon;
				ASSETCATALOG_COMPILER_GLOBAL_ACCENT_COLOR_NAME = AccentColor;
				CODE_SIGN_STYLE = Automatic;
				CURRENT_PROJECT_VERSION = 1;
				DEVELOPMENT_ASSET_PATHS = "\"Slider/Preview Content\"";
				DEVELOPMENT_TEAM = AQ3JC8F3HL;
				ENABLE_PREVIEWS = YES;
				GENERATE_INFOPLIST_FILE = YES;
				INFOPLIST_KEY_UIApplicationSceneManifest_Generation = YES;
				INFOPLIST_KEY_UIApplicationSupportsIndirectInputEvents = YES;
				INFOPLIST_KEY_UILaunchScreen_Generation = YES;
				INFOPLIST_KEY_UISupportedInterfaceOrientations_iPad = "UIInterfaceOrientationPortrait UIInterfaceOrientationPortraitUpsideDown UIInterfaceOrientationLandscapeLeft UIInterfaceOrientationLandscapeRight";
				INFOPLIST_KEY_UISupportedInterfaceOrientations_iPhone = "UIInterfaceOrientationPortrait UIInterfaceOrientationLandscapeLeft UIInterfaceOrientationLandscapeRight";
				LD_RUNPATH_SEARCH_PATHS = (
					"$(inherited)",
					"@executable_path/Frameworks",
				);
				MARKETING_VERSION = 1.0;
				PRODUCT_BUNDLE_IDENTIFIER = org.koherent.Slider;
				PRODUCT_NAME = "$(TARGET_NAME)";
				SWIFT_EMIT_LOC_STRINGS = YES;
				SWIFT_VERSION = 5.0;
				TARGETED_DEVICE_FAMILY = "1,2";
			};
			name = Release;
		};
		D69D955F27E9D1820008938A /* Debug */ = {
			isa = XCBuildConfiguration;
			buildSettings = {
				ALWAYS_EMBED_SWIFT_STANDARD_LIBRARIES = YES;
				BUNDLE_LOADER = "$(TEST_HOST)";
				CODE_SIGN_STYLE = Automatic;
				CURRENT_PROJECT_VERSION = 1;
				DEVELOPMENT_TEAM = AQ3JC8F3HL;
				GENERATE_INFOPLIST_FILE = YES;
				IPHONEOS_DEPLOYMENT_TARGET = 15.2;
				MARKETING_VERSION = 1.0;
				PRODUCT_BUNDLE_IDENTIFIER = org.koherent.SliderTests;
				PRODUCT_NAME = "$(TARGET_NAME)";
				SWIFT_EMIT_LOC_STRINGS = NO;
				SWIFT_VERSION = 5.0;
				TARGETED_DEVICE_FAMILY = "1,2";
				TEST_HOST = "$(BUILT_PRODUCTS_DIR)/Slider.app/Slider";
			};
			name = Debug;
		};
		D69D956027E9D1820008938A /* Release */ = {
			isa = XCBuildConfiguration;
			buildSettings = {
				ALWAYS_EMBED_SWIFT_STANDARD_LIBRARIES = YES;
				BUNDLE_LOADER = "$(TEST_HOST)";
				CODE_SIGN_STYLE = Automatic;
				CURRENT_PROJECT_VERSION = 1;
				DEVELOPMENT_TEAM = AQ3JC8F3HL;
				GENERATE_INFOPLIST_FILE = YES;
				IPHONEOS_DEPLOYMENT_TARGET = 15.2;
				MARKETING_VERSION = 1.0;
				PRODUCT_BUNDLE_IDENTIFIER = org.koherent.SliderTests;
				PRODUCT_NAME = "$(TARGET_NAME)";
				SWIFT_EMIT_LOC_STRINGS = NO;
				SWIFT_VERSION = 5.0;
				TARGETED_DEVICE_FAMILY = "1,2";
				TEST_HOST = "$(BUILT_PRODUCTS_DIR)/Slider.app/Slider";
			};
			name = Release;
		};
		D69D956227E9D1820008938A /* Debug */ = {
			isa = XCBuildConfiguration;
			buildSettings = {
				ALWAYS_EMBED_SWIFT_STANDARD_LIBRARIES = YES;
				CODE_SIGN_STYLE = Automatic;
				CURRENT_PROJECT_VERSION = 1;
				DEVELOPMENT_TEAM = AQ3JC8F3HL;
				GENERATE_INFOPLIST_FILE = YES;
				MARKETING_VERSION = 1.0;
				PRODUCT_BUNDLE_IDENTIFIER = org.koherent.SliderUITests;
				PRODUCT_NAME = "$(TARGET_NAME)";
				SWIFT_EMIT_LOC_STRINGS = NO;
				SWIFT_VERSION = 5.0;
				TARGETED_DEVICE_FAMILY = "1,2";
				TEST_TARGET_NAME = Slider;
			};
			name = Debug;
		};
		D69D956327E9D1820008938A /* Release */ = {
			isa = XCBuildConfiguration;
			buildSettings = {
				ALWAYS_EMBED_SWIFT_STANDARD_LIBRARIES = YES;
				CODE_SIGN_STYLE = Automatic;
				CURRENT_PROJECT_VERSION = 1;
				DEVELOPMENT_TEAM = AQ3JC8F3HL;
				GENERATE_INFOPLIST_FILE = YES;
				MARKETING_VERSION = 1.0;
				PRODUCT_BUNDLE_IDENTIFIER = org.koherent.SliderUITests;
				PRODUCT_NAME = "$(TARGET_NAME)";
				SWIFT_EMIT_LOC_STRINGS = NO;
				SWIFT_VERSION = 5.0;
				TARGETED_DEVICE_FAMILY = "1,2";
				TEST_TARGET_NAME = Slider;
			};
			name = Release;
		};
/* End XCBuildConfiguration section */

/* Begin XCConfigurationList section */
		D69D953227E9D17E0008938A /* Build configuration list for PBXProject "Slider" */ = {
			isa = XCConfigurationList;
			buildConfigurations = (
				D69D955927E9D1820008938A /* Debug */,
				D69D955A27E9D1820008938A /* Release */,
			);
			defaultConfigurationIsVisible = 0;
			defaultConfigurationName = Release;
		};
		D69D955B27E9D1820008938A /* Build configuration list for PBXNativeTarget "Slider" */ = {
			isa = XCConfigurationList;
			buildConfigurations = (
				D69D955C27E9D1820008938A /* Debug */,
				D69D955D27E9D1820008938A /* Release */,
			);
			defaultConfigurationIsVisible = 0;
			defaultConfigurationName = Release;
		};
		D69D955E27E9D1820008938A /* Build configuration list for PBXNativeTarget "SliderTests" */ = {
			isa = XCConfigurationList;
			buildConfigurations = (
				D69D955F27E9D1820008938A /* Debug */,
				D69D956027E9D1820008938A /* Release */,
			);
			defaultConfigurationIsVisible = 0;
			defaultConfigurationName = Release;
		};
		D69D956127E9D1820008938A /* Build configuration list for PBXNativeTarget "SliderUITests" */ = {
			isa = XCConfigurationList;
			buildConfigurations = (
				D69D956227E9D1820008938A /* Debug */,
				D69D956327E9D1820008938A /* Release */,
			);
			defaultConfigurationIsVisible = 0;
			defaultConfigurationName = Release;
		};
/* End XCConfigurationList section */
	};
	rootObject = D69D952F27E9D17E0008938A /* Project object */;
}
